
Microsoft Visual Studio Solution File, Format Version 12.00
# Visual Studio Version 17
VisualStudioVersion = 17.7.34202.233
MinimumVisualStudioVersion = 10.0.40219.1
Project("{FAE04EC0-301F-11D3-BF4B-00C04F79EFBC}") = "CalculoIMC", "CalculoIMC\CalculoIMC.csproj", "{7476B956-3066-4FA8-8409-AC6AF2E297BD}"
EndProject
Global
	GlobalSection(SolutionConfigurationPlatforms) = preSolution
		Debug|Any CPU = Debug|Any CPU
		Release|Any CPU = Release|Any CPU
	EndGlobalSection
	GlobalSection(ProjectConfigurationPlatforms) = postSolution
		{7476B956-3066-4FA8-8409-AC6AF2E297BD}.Debug|Any CPU.ActiveCfg = Debug|Any CPU
		{7476B956-3066-4FA8-8409-AC6AF2E297BD}.Debug|Any CPU.Build.0 = Debug|Any CPU
		{7476B956-3066-4FA8-8409-AC6AF2E297BD}.Release|Any CPU.ActiveCfg = Release|Any CPU
		{7476B956-3066-4FA8-8409-AC6AF2E297BD}.Release|Any CPU.Build.0 = Release|Any CPU
	EndGlobalSection
	GlobalSection(SolutionProperties) = preSolution
		HideSolutionNode = FALSE
	EndGlobalSection
	GlobalSection(ExtensibilityGlobals) = postSolution
		SolutionGuid = {E9E0C19E-E116-47C8-B314-B10F86A6506F}
	EndGlobalSection
EndGlobal
