
Microsoft Visual Studio Solution File, Format Version 12.00
# Visual Studio Version 17
VisualStudioVersion = 17.7.34202.233
MinimumVisualStudioVersion = 10.0.40219.1
Project("{FAE04EC0-301F-11D3-BF4B-00C04F79EFBC}") = "ParImpar", "ParImpar\ParImpar.csproj", "{A2141A70-1F31-46FF-9592-41AA507DCEDE}"
EndProject
Global
	GlobalSection(SolutionConfigurationPlatforms) = preSolution
		Debug|Any CPU = Debug|Any CPU
		Release|Any CPU = Release|Any CPU
	EndGlobalSection
	GlobalSection(ProjectConfigurationPlatforms) = postSolution
		{A2141A70-1F31-46FF-9592-41AA507DCEDE}.Debug|Any CPU.ActiveCfg = Debug|Any CPU
		{A2141A70-1F31-46FF-9592-41AA507DCEDE}.Debug|Any CPU.Build.0 = Debug|Any CPU
		{A2141A70-1F31-46FF-9592-41AA507DCEDE}.Release|Any CPU.ActiveCfg = Release|Any CPU
		{A2141A70-1F31-46FF-9592-41AA507DCEDE}.Release|Any CPU.Build.0 = Release|Any CPU
	EndGlobalSection
	GlobalSection(SolutionProperties) = preSolution
		HideSolutionNode = FALSE
	EndGlobalSection
	GlobalSection(ExtensibilityGlobals) = postSolution
		SolutionGuid = {444763AA-B1DC-43FF-8800-C52DE8589C05}
	EndGlobalSection
EndGlobal
